
Microsoft Visual Studio Solution File, Format Version 12.00
# Visual Studio Version 17
VisualStudioVersion = 17.0.31903.59
MinimumVisualStudioVersion = 10.0.40219.1
Project("{2150E333-8FDC-42A3-9474-1A3956D46DE8}") = "src", "src", "{E6ED03ED-EC77-433C-A0B1-A90EA967D038}"
EndProject
Project("{2150E333-8FDC-42A3-9474-1A3956D46DE8}") = "corePackages", "corePackages", "{D51FE5B3-353B-45AA-8156-EBB0C7A46150}"
EndProject
Project("{FAE04EC0-301F-11D3-BF4B-00C04F79EFBC}") = "Core.Application", "src\corePackages\Core.Application\Core.Application.csproj", "{800F104F-FD1E-410A-AD57-71512B4C370B}"
EndProject
Project("{FAE04EC0-301F-11D3-BF4B-00C04F79EFBC}") = "Core.CrossCuttingConcerns", "src\corePackages\Core.CrossCuttingConcerns\Core.CrossCuttingConcerns.csproj", "{CB3E04D1-139B-4E51-A1F4-8F7D9EEF0436}"
EndProject
Project("{FAE04EC0-301F-11D3-BF4B-00C04F79EFBC}") = "Core.Mailing", "src\corePackages\Core.Mailing\Core.Mailing.csproj", "{689077E1-399B-4AFF-A082-43C5A93FA11C}"
EndProject
Project("{FAE04EC0-301F-11D3-BF4B-00C04F79EFBC}") = "Core.Persistence", "src\corePackages\Core.Persistence\Core.Persistence.csproj", "{11E223B1-0A40-4ECF-B8E9-C59C0E61A942}"
EndProject
Project("{FAE04EC0-301F-11D3-BF4B-00C04F79EFBC}") = "Core.Security", "src\corePackages\Core.Security\Core.Security.csproj", "{FA506E41-D1C6-49BD-9CF9-02EA30A84CC2}"
EndProject
Project("{2150E333-8FDC-42A3-9474-1A3956D46DE8}") = "starterProject", "starterProject", "{D8BDAFB3-AF7D-4F85-8094-013D613885BF}"
EndProject
Project("{FAE04EC0-301F-11D3-BF4B-00C04F79EFBC}") = "Application", "src\starterProject\Application\Application.csproj", "{EFB02BE4-F912-431A-A758-0FE9DB23002A}"
EndProject
Project("{FAE04EC0-301F-11D3-BF4B-00C04F79EFBC}") = "Domain", "src\starterProject\Domain\Domain.csproj", "{A8FEF948-B09E-4FB3-B946-57C121C96076}"
EndProject
Project("{FAE04EC0-301F-11D3-BF4B-00C04F79EFBC}") = "Infrastructure", "src\starterProject\Infrastructure\Infrastructure.csproj", "{FDD8DC19-86D2-424A-ADB7-410064FECB8C}"
EndProject
Project("{FAE04EC0-301F-11D3-BF4B-00C04F79EFBC}") = "Persistence", "src\starterProject\Persistence\Persistence.csproj", "{8FEC5B93-56F6-4050-8830-4D36BB14C6BD}"
EndProject
Project("{FAE04EC0-301F-11D3-BF4B-00C04F79EFBC}") = "WebAPI", "src\starterProject\WebAPI\WebAPI.csproj", "{8F26A4FD-0428-46FD-9181-00B709A7BB0B}"
EndProject
Global
	GlobalSection(SolutionConfigurationPlatforms) = preSolution
		Debug|Any CPU = Debug|Any CPU
		Release|Any CPU = Release|Any CPU
	EndGlobalSection
	GlobalSection(SolutionProperties) = preSolution
		HideSolutionNode = FALSE
	EndGlobalSection
	GlobalSection(ProjectConfigurationPlatforms) = postSolution
		{800F104F-FD1E-410A-AD57-71512B4C370B}.Debug|Any CPU.ActiveCfg = Debug|Any CPU
		{800F104F-FD1E-410A-AD57-71512B4C370B}.Debug|Any CPU.Build.0 = Debug|Any CPU
		{800F104F-FD1E-410A-AD57-71512B4C370B}.Release|Any CPU.ActiveCfg = Release|Any CPU
		{800F104F-FD1E-410A-AD57-71512B4C370B}.Release|Any CPU.Build.0 = Release|Any CPU
		{CB3E04D1-139B-4E51-A1F4-8F7D9EEF0436}.Debug|Any CPU.ActiveCfg = Debug|Any CPU
		{CB3E04D1-139B-4E51-A1F4-8F7D9EEF0436}.Debug|Any CPU.Build.0 = Debug|Any CPU
		{CB3E04D1-139B-4E51-A1F4-8F7D9EEF0436}.Release|Any CPU.ActiveCfg = Release|Any CPU
		{CB3E04D1-139B-4E51-A1F4-8F7D9EEF0436}.Release|Any CPU.Build.0 = Release|Any CPU
		{689077E1-399B-4AFF-A082-43C5A93FA11C}.Debug|Any CPU.ActiveCfg = Debug|Any CPU
		{689077E1-399B-4AFF-A082-43C5A93FA11C}.Debug|Any CPU.Build.0 = Debug|Any CPU
		{689077E1-399B-4AFF-A082-43C5A93FA11C}.Release|Any CPU.ActiveCfg = Release|Any CPU
		{689077E1-399B-4AFF-A082-43C5A93FA11C}.Release|Any CPU.Build.0 = Release|Any CPU
		{11E223B1-0A40-4ECF-B8E9-C59C0E61A942}.Debug|Any CPU.ActiveCfg = Debug|Any CPU
		{11E223B1-0A40-4ECF-B8E9-C59C0E61A942}.Debug|Any CPU.Build.0 = Debug|Any CPU
		{11E223B1-0A40-4ECF-B8E9-C59C0E61A942}.Release|Any CPU.ActiveCfg = Release|Any CPU
		{11E223B1-0A40-4ECF-B8E9-C59C0E61A942}.Release|Any CPU.Build.0 = Release|Any CPU
		{FA506E41-D1C6-49BD-9CF9-02EA30A84CC2}.Debug|Any CPU.ActiveCfg = Debug|Any CPU
		{FA506E41-D1C6-49BD-9CF9-02EA30A84CC2}.Debug|Any CPU.Build.0 = Debug|Any CPU
		{FA506E41-D1C6-49BD-9CF9-02EA30A84CC2}.Release|Any CPU.ActiveCfg = Release|Any CPU
		{FA506E41-D1C6-49BD-9CF9-02EA30A84CC2}.Release|Any CPU.Build.0 = Release|Any CPU
		{EFB02BE4-F912-431A-A758-0FE9DB23002A}.Debug|Any CPU.ActiveCfg = Debug|Any CPU
		{EFB02BE4-F912-431A-A758-0FE9DB23002A}.Debug|Any CPU.Build.0 = Debug|Any CPU
		{EFB02BE4-F912-431A-A758-0FE9DB23002A}.Release|Any CPU.ActiveCfg = Release|Any CPU
		{EFB02BE4-F912-431A-A758-0FE9DB23002A}.Release|Any CPU.Build.0 = Release|Any CPU
		{A8FEF948-B09E-4FB3-B946-57C121C96076}.Debug|Any CPU.ActiveCfg = Debug|Any CPU
		{A8FEF948-B09E-4FB3-B946-57C121C96076}.Debug|Any CPU.Build.0 = Debug|Any CPU
		{A8FEF948-B09E-4FB3-B946-57C121C96076}.Release|Any CPU.ActiveCfg = Release|Any CPU
		{A8FEF948-B09E-4FB3-B946-57C121C96076}.Release|Any CPU.Build.0 = Release|Any CPU
		{FDD8DC19-86D2-424A-ADB7-410064FECB8C}.Debug|Any CPU.ActiveCfg = Debug|Any CPU
		{FDD8DC19-86D2-424A-ADB7-410064FECB8C}.Debug|Any CPU.Build.0 = Debug|Any CPU
		{FDD8DC19-86D2-424A-ADB7-410064FECB8C}.Release|Any CPU.ActiveCfg = Release|Any CPU
		{FDD8DC19-86D2-424A-ADB7-410064FECB8C}.Release|Any CPU.Build.0 = Release|Any CPU
		{8FEC5B93-56F6-4050-8830-4D36BB14C6BD}.Debug|Any CPU.ActiveCfg = Debug|Any CPU
		{8FEC5B93-56F6-4050-8830-4D36BB14C6BD}.Debug|Any CPU.Build.0 = Debug|Any CPU
		{8FEC5B93-56F6-4050-8830-4D36BB14C6BD}.Release|Any CPU.ActiveCfg = Release|Any CPU
		{8FEC5B93-56F6-4050-8830-4D36BB14C6BD}.Release|Any CPU.Build.0 = Release|Any CPU
		{8F26A4FD-0428-46FD-9181-00B709A7BB0B}.Debug|Any CPU.ActiveCfg = Debug|Any CPU
		{8F26A4FD-0428-46FD-9181-00B709A7BB0B}.Debug|Any CPU.Build.0 = Debug|Any CPU
		{8F26A4FD-0428-46FD-9181-00B709A7BB0B}.Release|Any CPU.ActiveCfg = Release|Any CPU
		{8F26A4FD-0428-46FD-9181-00B709A7BB0B}.Release|Any CPU.Build.0 = Release|Any CPU
	EndGlobalSection
	GlobalSection(NestedProjects) = preSolution
		{D51FE5B3-353B-45AA-8156-EBB0C7A46150} = {E6ED03ED-EC77-433C-A0B1-A90EA967D038}
		{800F104F-FD1E-410A-AD57-71512B4C370B} = {D51FE5B3-353B-45AA-8156-EBB0C7A46150}
		{CB3E04D1-139B-4E51-A1F4-8F7D9EEF0436} = {D51FE5B3-353B-45AA-8156-EBB0C7A46150}
		{689077E1-399B-4AFF-A082-43C5A93FA11C} = {D51FE5B3-353B-45AA-8156-EBB0C7A46150}
		{11E223B1-0A40-4ECF-B8E9-C59C0E61A942} = {D51FE5B3-353B-45AA-8156-EBB0C7A46150}
		{FA506E41-D1C6-49BD-9CF9-02EA30A84CC2} = {D51FE5B3-353B-45AA-8156-EBB0C7A46150}
		{D8BDAFB3-AF7D-4F85-8094-013D613885BF} = {E6ED03ED-EC77-433C-A0B1-A90EA967D038}
		{EFB02BE4-F912-431A-A758-0FE9DB23002A} = {D8BDAFB3-AF7D-4F85-8094-013D613885BF}
		{A8FEF948-B09E-4FB3-B946-57C121C96076} = {D8BDAFB3-AF7D-4F85-8094-013D613885BF}
		{FDD8DC19-86D2-424A-ADB7-410064FECB8C} = {D8BDAFB3-AF7D-4F85-8094-013D613885BF}
		{8FEC5B93-56F6-4050-8830-4D36BB14C6BD} = {D8BDAFB3-AF7D-4F85-8094-013D613885BF}
		{8F26A4FD-0428-46FD-9181-00B709A7BB0B} = {D8BDAFB3-AF7D-4F85-8094-013D613885BF}
	EndGlobalSection
EndGlobal
